
Microsoft Visual Studio Solution File, Format Version 12.00
# Visual Studio Version 17
VisualStudioVersion = 17.9.34728.123
MinimumVisualStudioVersion = 10.0.40219.1
Project("{FAE04EC0-301F-11D3-BF4B-00C04F79EFBC}") = "System_Liczbowy", "System_Liczbowy\System_Liczbowy.csproj", "{D3DD26D4-5B1F-47F3-BFF3-338368A6F998}"
EndProject
Global
	GlobalSection(SolutionConfigurationPlatforms) = preSolution
		Debug|Any CPU = Debug|Any CPU
		Release|Any CPU = Release|Any CPU
	EndGlobalSection
	GlobalSection(ProjectConfigurationPlatforms) = postSolution
		{D3DD26D4-5B1F-47F3-BFF3-338368A6F998}.Debug|Any CPU.ActiveCfg = Debug|Any CPU
		{D3DD26D4-5B1F-47F3-BFF3-338368A6F998}.Debug|Any CPU.Build.0 = Debug|Any CPU
		{D3DD26D4-5B1F-47F3-BFF3-338368A6F998}.Release|Any CPU.ActiveCfg = Release|Any CPU
		{D3DD26D4-5B1F-47F3-BFF3-338368A6F998}.Release|Any CPU.Build.0 = Release|Any CPU
	EndGlobalSection
	GlobalSection(SolutionProperties) = preSolution
		HideSolutionNode = FALSE
	EndGlobalSection
	GlobalSection(ExtensibilityGlobals) = postSolution
		SolutionGuid = {7646EC97-9706-4BC5-A056-7958D2DB34A4}
	EndGlobalSection
EndGlobal
